
Microsoft Visual Studio Solution File, Format Version 12.00
# Visual Studio 15
VisualStudioVersion = 15.0.28307.438
MinimumVisualStudioVersion = 10.0.40219.1
Project("{FAE04EC0-301F-11D3-BF4B-00C04F79EFBC}") = "Metro Style MyWpnEditor", "Metro Style MyWpnEditor\Metro Style MyWpnEditor.csproj", "{4367C4D1-6172-4B26-92F3-4EF58018DD1A}"
EndProject
Project("{FAE04EC0-301F-11D3-BF4B-00C04F79EFBC}") = "Metro Style Launcher", "Metro Style Launcher\Metro Style Launcher.csproj", "{1647423F-7BBF-462E-81FE-639BE3E26B8B}"
EndProject
Project("{FAE04EC0-301F-11D3-BF4B-00C04F79EFBC}") = "MetroFramework", "Projects\MetroFramework\MetroFramework.csproj", "{BB41AC8B-CBED-4387-A7E0-4567EDB3F57F}"
EndProject
Global
	GlobalSection(SolutionConfigurationPlatforms) = preSolution
		Debug|Any CPU = Debug|Any CPU
		Debug|x86 = Debug|x86
		Release|Any CPU = Release|Any CPU
		Release|x86 = Release|x86
	EndGlobalSection
	GlobalSection(ProjectConfigurationPlatforms) = postSolution
		{4367C4D1-6172-4B26-92F3-4EF58018DD1A}.Debug|Any CPU.ActiveCfg = Debug|Any CPU
		{4367C4D1-6172-4B26-92F3-4EF58018DD1A}.Debug|Any CPU.Build.0 = Debug|Any CPU
		{4367C4D1-6172-4B26-92F3-4EF58018DD1A}.Debug|x86.ActiveCfg = Debug|Any CPU
		{4367C4D1-6172-4B26-92F3-4EF58018DD1A}.Debug|x86.Build.0 = Debug|Any CPU
		{4367C4D1-6172-4B26-92F3-4EF58018DD1A}.Release|Any CPU.ActiveCfg = Release|Any CPU
		{4367C4D1-6172-4B26-92F3-4EF58018DD1A}.Release|Any CPU.Build.0 = Release|Any CPU
		{4367C4D1-6172-4B26-92F3-4EF58018DD1A}.Release|x86.ActiveCfg = Release|Any CPU
		{4367C4D1-6172-4B26-92F3-4EF58018DD1A}.Release|x86.Build.0 = Release|Any CPU
		{1647423F-7BBF-462E-81FE-639BE3E26B8B}.Debug|Any CPU.ActiveCfg = Debug|Any CPU
		{1647423F-7BBF-462E-81FE-639BE3E26B8B}.Debug|Any CPU.Build.0 = Debug|Any CPU
		{1647423F-7BBF-462E-81FE-639BE3E26B8B}.Debug|x86.ActiveCfg = Debug|Any CPU
		{1647423F-7BBF-462E-81FE-639BE3E26B8B}.Debug|x86.Build.0 = Debug|Any CPU
		{1647423F-7BBF-462E-81FE-639BE3E26B8B}.Release|Any CPU.ActiveCfg = Release|Any CPU
		{1647423F-7BBF-462E-81FE-639BE3E26B8B}.Release|Any CPU.Build.0 = Release|Any CPU
		{1647423F-7BBF-462E-81FE-639BE3E26B8B}.Release|x86.ActiveCfg = Release|Any CPU
		{1647423F-7BBF-462E-81FE-639BE3E26B8B}.Release|x86.Build.0 = Release|Any CPU
		{BB41AC8B-CBED-4387-A7E0-4567EDB3F57F}.Debug|Any CPU.ActiveCfg = Debug|Any CPU
		{BB41AC8B-CBED-4387-A7E0-4567EDB3F57F}.Debug|Any CPU.Build.0 = Debug|Any CPU
		{BB41AC8B-CBED-4387-A7E0-4567EDB3F57F}.Debug|x86.ActiveCfg = Debug|x86
		{BB41AC8B-CBED-4387-A7E0-4567EDB3F57F}.Debug|x86.Build.0 = Debug|x86
		{BB41AC8B-CBED-4387-A7E0-4567EDB3F57F}.Release|Any CPU.ActiveCfg = Release|Any CPU
		{BB41AC8B-CBED-4387-A7E0-4567EDB3F57F}.Release|Any CPU.Build.0 = Release|Any CPU
		{BB41AC8B-CBED-4387-A7E0-4567EDB3F57F}.Release|x86.ActiveCfg = Release|x86
		{BB41AC8B-CBED-4387-A7E0-4567EDB3F57F}.Release|x86.Build.0 = Release|x86
	EndGlobalSection
	GlobalSection(SolutionProperties) = preSolution
		HideSolutionNode = FALSE
	EndGlobalSection
	GlobalSection(ExtensibilityGlobals) = postSolution
		SolutionGuid = {E2E676EB-42ED-4BBC-9886-F4906650EA83}
	EndGlobalSection
EndGlobal
